
Microsoft Visual Studio Solution File, Format Version 12.00
# Visual Studio Version 17
VisualStudioVersion = 17.1.32228.430
MinimumVisualStudioVersion = 10.0.40219.1
Project("{FAE04EC0-301F-11D3-BF4B-00C04F79EFBC}") = "Exercise 3C", "Exercise 3C\Exercise 3C.csproj", "{48A3B3B2-A78F-42DC-A8B7-3D895174EE67}"
EndProject
Global
	GlobalSection(SolutionConfigurationPlatforms) = preSolution
		Debug|Any CPU = Debug|Any CPU
		Release|Any CPU = Release|Any CPU
	EndGlobalSection
	GlobalSection(ProjectConfigurationPlatforms) = postSolution
		{48A3B3B2-A78F-42DC-A8B7-3D895174EE67}.Debug|Any CPU.ActiveCfg = Debug|Any CPU
		{48A3B3B2-A78F-42DC-A8B7-3D895174EE67}.Debug|Any CPU.Build.0 = Debug|Any CPU
		{48A3B3B2-A78F-42DC-A8B7-3D895174EE67}.Release|Any CPU.ActiveCfg = Release|Any CPU
		{48A3B3B2-A78F-42DC-A8B7-3D895174EE67}.Release|Any CPU.Build.0 = Release|Any CPU
	EndGlobalSection
	GlobalSection(SolutionProperties) = preSolution
		HideSolutionNode = FALSE
	EndGlobalSection
	GlobalSection(ExtensibilityGlobals) = postSolution
		SolutionGuid = {BD9EBA90-D9E2-40E1-8589-B604F3053012}
	EndGlobalSection
EndGlobal
